
Microsoft Visual Studio Solution File, Format Version 12.00
# Visual Studio Version 17
VisualStudioVersion = 17.7.34031.279
MinimumVisualStudioVersion = 10.0.40219.1
Project("{888888A0-9F3D-457C-B088-3A5042F75D52}") = "graphProjectPython", "graphProjectPython\graphProjectPython.pyproj", "{80292CE7-8647-4538-837F-C54095D99717}"
EndProject
Global
	GlobalSection(SolutionConfigurationPlatforms) = preSolution
		Debug|Any CPU = Debug|Any CPU
		Release|Any CPU = Release|Any CPU
	EndGlobalSection
	GlobalSection(ProjectConfigurationPlatforms) = postSolution
		{80292CE7-8647-4538-837F-C54095D99717}.Debug|Any CPU.ActiveCfg = Debug|Any CPU
		{80292CE7-8647-4538-837F-C54095D99717}.Release|Any CPU.ActiveCfg = Release|Any CPU
	EndGlobalSection
	GlobalSection(SolutionProperties) = preSolution
		HideSolutionNode = FALSE
	EndGlobalSection
	GlobalSection(ExtensibilityGlobals) = postSolution
		SolutionGuid = {95DAB581-B57A-4F58-9C26-055B8D89C85A}
	EndGlobalSection
EndGlobal
